
Microsoft Visual Studio Solution File, Format Version 12.00
# Visual Studio Version 16
VisualStudioVersion = 16.0.32106.194
MinimumVisualStudioVersion = 10.0.40219.1
Project("{FAE04EC0-301F-11D3-BF4B-00C04F79EFBC}") = "PyConsole", "PyConsole\PyConsole.csproj", "{F1474FBC-3C00-4A14-858E-B9BEE3588D06}"
EndProject
Project("{888888A0-9F3D-457C-B088-3A5042F75D52}") = "MgdPyConsole", "MgdPyConsole\MgdPyConsole.pyproj", "{AEC93506-6AC7-4864-989F-2FFA13F91544}"
EndProject
Global
	GlobalSection(SolutionConfigurationPlatforms) = preSolution
		Debug|Any CPU = Debug|Any CPU
		Release|Any CPU = Release|Any CPU
	EndGlobalSection
	GlobalSection(ProjectConfigurationPlatforms) = postSolution
		{F1474FBC-3C00-4A14-858E-B9BEE3588D06}.Debug|Any CPU.ActiveCfg = Debug|Any CPU
		{F1474FBC-3C00-4A14-858E-B9BEE3588D06}.Debug|Any CPU.Build.0 = Debug|Any CPU
		{F1474FBC-3C00-4A14-858E-B9BEE3588D06}.Release|Any CPU.ActiveCfg = Release|Any CPU
		{F1474FBC-3C00-4A14-858E-B9BEE3588D06}.Release|Any CPU.Build.0 = Release|Any CPU
		{AEC93506-6AC7-4864-989F-2FFA13F91544}.Debug|Any CPU.ActiveCfg = Debug|Any CPU
		{AEC93506-6AC7-4864-989F-2FFA13F91544}.Release|Any CPU.ActiveCfg = Release|Any CPU
	EndGlobalSection
	GlobalSection(SolutionProperties) = preSolution
		HideSolutionNode = FALSE
	EndGlobalSection
	GlobalSection(ExtensibilityGlobals) = postSolution
		SolutionGuid = {1453B3D9-7351-4E0A-AB1D-E1632BE9B6F7}
	EndGlobalSection
EndGlobal
